// !$*UTF8*$!
{
	archiveVersion = 1;
	classes = {
	};
	objectVersion = 46;
	objects = {

/* Begin PBXBuildFile section */
		0E3DDADF1F4AF752005E0B34 /* AppDelegate.swift in Sources */ = {isa = PBXBuildFile; fileRef = 0E3DDADE1F4AF752005E0B34 /* AppDelegate.swift */; };
		0E3DDAE11F4AF752005E0B34 /* ViewController.swift in Sources */ = {isa = PBXBuildFile; fileRef = 0E3DDAE01F4AF752005E0B34 /* ViewController.swift */; };
		0E3DDAE41F4AF752005E0B34 /* Main.storyboard in Resources */ = {isa = PBXBuildFile; fileRef = 0E3DDAE21F4AF752005E0B34 /* Main.storyboard */; };
		0E3DDAE61F4AF752005E0B34 /* Assets.xcassets in Resources */ = {isa = PBXBuildFile; fileRef = 0E3DDAE51F4AF752005E0B34 /* Assets.xcassets */; };
		0E3DDAE91F4AF752005E0B34 /* LaunchScreen.storyboard in Resources */ = {isa = PBXBuildFile; fileRef = 0E3DDAE71F4AF752005E0B34 /* LaunchScreen.storyboard */; };
		0E3DDAF11F4AF93D005E0B34 /* Login.storyboard in Resources */ = {isa = PBXBuildFile; fileRef = 0E3DDAF01F4AF93D005E0B34 /* Login.storyboard */; };
		0E3DDAF31F4AF970005E0B34 /* LoginViewController.swift in Sources */ = {isa = PBXBuildFile; fileRef = 0E3DDAF21F4AF970005E0B34 /* LoginViewController.swift */; };
		0E3DDAF51F4AF995005E0B34 /* LoginViewModel.swift in Sources */ = {isa = PBXBuildFile; fileRef = 0E3DDAF41F4AF995005E0B34 /* LoginViewModel.swift */; };
		0E3DDAF81F4AF9AF005E0B34 /* Register.storyboard in Resources */ = {isa = PBXBuildFile; fileRef = 0E3DDAF71F4AF9AF005E0B34 /* Register.storyboard */; };
		0E3DDAFA1F4AF9D0005E0B34 /* RegisterViewController.swift in Sources */ = {isa = PBXBuildFile; fileRef = 0E3DDAF91F4AF9D0005E0B34 /* RegisterViewController.swift */; };
		0E3DDAFC1F4AF9E4005E0B34 /* RegisterViewModel.swift in Sources */ = {isa = PBXBuildFile; fileRef = 0E3DDAFB1F4AF9E4005E0B34 /* RegisterViewModel.swift */; };
		0E3DDAFF1F4AFA02005E0B34 /* MainViewModel.swift in Sources */ = {isa = PBXBuildFile; fileRef = 0E3DDAFE1F4AFA02005E0B34 /* MainViewModel.swift */; };
		0E3DDB021F4AFCA5005E0B34 /* User.swift in Sources */ = {isa = PBXBuildFile; fileRef = 0E3DDB011F4AFCA5005E0B34 /* User.swift */; };
		0EFE2A041F4B0BFE00B92F62 /* RegisterModel.swift in Sources */ = {isa = PBXBuildFile; fileRef = 0EFE2A031F4B0BFE00B92F62 /* RegisterModel.swift */; };
		0EFE2A071F4B0D9900B92F62 /* Localizable.strings in Resources */ = {isa = PBXBuildFile; fileRef = 0EFE2A091F4B0D9900B92F62 /* Localizable.strings */; };
		0EFE2A0B1F4B206300B92F62 /* Extensions.swift in Sources */ = {isa = PBXBuildFile; fileRef = 0EFE2A0A1F4B206300B92F62 /* Extensions.swift */; };
		C46D078FA8E529BD78F156B0 /* Pods_LoginRegister.framework in Frameworks */ = {isa = PBXBuildFile; fileRef = 8555E1BD81253FF316D05F2A /* Pods_LoginRegister.framework */; };
/* End PBXBuildFile section */

/* Begin PBXFileReference section */
		0E3DDADB1F4AF752005E0B34 /* LoginRegister.app */ = {isa = PBXFileReference; explicitFileType = wrapper.application; includeInIndex = 0; path = LoginRegister.app; sourceTree = BUILT_PRODUCTS_DIR; };
		0E3DDADE1F4AF752005E0B34 /* AppDelegate.swift */ = {isa = PBXFileReference; lastKnownFileType = sourcecode.swift; path = AppDelegate.swift; sourceTree = "<group>"; };
		0E3DDAE01F4AF752005E0B34 /* ViewController.swift */ = {isa = PBXFileReference; lastKnownFileType = sourcecode.swift; path = ViewController.swift; sourceTree = "<group>"; };
		0E3DDAE31F4AF752005E0B34 /* Base */ = {isa = PBXFileReference; lastKnownFileType = file.storyboard; name = Base; path = Base.lproj/Main.storyboard; sourceTree = "<group>"; };
		0E3DDAE51F4AF752005E0B34 /* Assets.xcassets */ = {isa = PBXFileReference; lastKnownFileType = folder.assetcatalog; path = Assets.xcassets; sourceTree = "<group>"; };
		0E3DDAE81F4AF752005E0B34 /* Base */ = {isa = PBXFileReference; lastKnownFileType = file.storyboard; name = Base; path = Base.lproj/LaunchScreen.storyboard; sourceTree = "<group>"; };
		0E3DDAEA1F4AF752005E0B34 /* Info.plist */ = {isa = PBXFileReference; lastKnownFileType = text.plist.xml; path = Info.plist; sourceTree = "<group>"; };
		0E3DDAF01F4AF93D005E0B34 /* Login.storyboard */ = {isa = PBXFileReference; fileEncoding = 4; lastKnownFileType = file.storyboard; path = Login.storyboard; sourceTree = "<group>"; };
		0E3DDAF21F4AF970005E0B34 /* LoginViewController.swift */ = {isa = PBXFileReference; fileEncoding = 4; lastKnownFileType = sourcecode.swift; path = LoginViewController.swift; sourceTree = "<group>"; };
		0E3DDAF41F4AF995005E0B34 /* LoginViewModel.swift */ = {isa = PBXFileReference; fileEncoding = 4; lastKnownFileType = sourcecode.swift; path = LoginViewModel.swift; sourceTree = "<group>"; };
		0E3DDAF71F4AF9AF005E0B34 /* Register.storyboard */ = {isa = PBXFileReference; fileEncoding = 4; lastKnownFileType = file.storyboard; path = Register.storyboard; sourceTree = "<group>"; };
		0E3DDAF91F4AF9D0005E0B34 /* RegisterViewController.swift */ = {isa = PBXFileReference; fileEncoding = 4; lastKnownFileType = sourcecode.swift; path = RegisterViewController.swift; sourceTree = "<group>"; };
		0E3DDAFB1F4AF9E4005E0B34 /* RegisterViewModel.swift */ = {isa = PBXFileReference; fileEncoding = 4; lastKnownFileType = sourcecode.swift; path = RegisterViewModel.swift; sourceTree = "<group>"; };
		0E3DDAFE1F4AFA02005E0B34 /* MainViewModel.swift */ = {isa = PBXFileReference; fileEncoding = 4; lastKnownFileType = sourcecode.swift; path = MainViewModel.swift; sourceTree = "<group>"; };
		0E3DDB011F4AFCA5005E0B34 /* User.swift */ = {isa = PBXFileReference; fileEncoding = 4; lastKnownFileType = sourcecode.swift; path = User.swift; sourceTree = "<group>"; };
		0EFE2A031F4B0BFE00B92F62 /* RegisterModel.swift */ = {isa = PBXFileReference; fileEncoding = 4; lastKnownFileType = sourcecode.swift; path = RegisterModel.swift; sourceTree = "<group>"; };
		0EFE2A081F4B0D9900B92F62 /* en */ = {isa = PBXFileReference; lastKnownFileType = text.plist.strings; name = en; path = en.lproj/Localizable.strings; sourceTree = "<group>"; };
		0EFE2A0A1F4B206300B92F62 /* Extensions.swift */ = {isa = PBXFileReference; fileEncoding = 4; lastKnownFileType = sourcecode.swift; path = Extensions.swift; sourceTree = "<group>"; };
		34A030106EA95488192482ED /* Pods-LoginRegister.release.xcconfig */ = {isa = PBXFileReference; includeInIndex = 1; lastKnownFileType = text.xcconfig; name = "Pods-LoginRegister.release.xcconfig"; path = "Pods/Target Support Files/Pods-LoginRegister/Pods-LoginRegister.release.xcconfig"; sourceTree = "<group>"; };
		3F8AB43F89180C3FE529B84F /* Pods-LoginRegister.debug.xcconfig */ = {isa = PBXFileReference; includeInIndex = 1; lastKnownFileType = text.xcconfig; name = "Pods-LoginRegister.debug.xcconfig"; path = "Pods/Target Support Files/Pods-LoginRegister/Pods-LoginRegister.debug.xcconfig"; sourceTree = "<group>"; };
		8555E1BD81253FF316D05F2A /* Pods_LoginRegister.framework */ = {isa = PBXFileReference; explicitFileType = wrapper.framework; includeInIndex = 0; path = Pods_LoginRegister.framework; sourceTree = BUILT_PRODUCTS_DIR; };
/* End PBXFileReference section */

/* Begin PBXFrameworksBuildPhase section */
		0E3DDAD81F4AF752005E0B34 /* Frameworks */ = {
			isa = PBXFrameworksBuildPhase;
			buildActionMask = 2147483647;
			files = (
				C46D078FA8E529BD78F156B0 /* Pods_LoginRegister.framework in Frameworks */,
			);
			runOnlyForDeploymentPostprocessing = 0;
		};
/* End PBXFrameworksBuildPhase section */

/* Begin PBXGroup section */
		0E3DDAD21F4AF752005E0B34 = {
			isa = PBXGroup;
			children = (
				0E3DDADD1F4AF752005E0B34 /* LoginRegister */,
				0E3DDADC1F4AF752005E0B34 /* Products */,
				9D62FB3ABDA88E94BD778C4D /* Pods */,
				E7F12C13E76DA0F1346683AA /* Frameworks */,
			);
			sourceTree = "<group>";
		};
		0E3DDADC1F4AF752005E0B34 /* Products */ = {
			isa = PBXGroup;
			children = (
				0E3DDADB1F4AF752005E0B34 /* LoginRegister.app */,
			);
			name = Products;
			sourceTree = "<group>";
		};
		0E3DDADD1F4AF752005E0B34 /* LoginRegister */ = {
			isa = PBXGroup;
			children = (
				0E3DDB001F4AFA0A005E0B34 /* Main */,
				0E3DDAFD1F4AF9EA005E0B34 /* Register */,
				0E3DDAF61F4AF99C005E0B34 /* Login */,
				0E3DDADE1F4AF752005E0B34 /* AppDelegate.swift */,
				0E3DDB011F4AFCA5005E0B34 /* User.swift */,
				0EFE2A0A1F4B206300B92F62 /* Extensions.swift */,
				0E3DDAE51F4AF752005E0B34 /* Assets.xcassets */,
				0E3DDAE71F4AF752005E0B34 /* LaunchScreen.storyboard */,
				0E3DDAEA1F4AF752005E0B34 /* Info.plist */,
				0EFE2A091F4B0D9900B92F62 /* Localizable.strings */,
			);
			path = LoginRegister;
			sourceTree = "<group>";
		};
		0E3DDAF61F4AF99C005E0B34 /* Login */ = {
			isa = PBXGroup;
			children = (
				0E3DDAF01F4AF93D005E0B34 /* Login.storyboard */,
				0E3DDAF21F4AF970005E0B34 /* LoginViewController.swift */,
				0E3DDAF41F4AF995005E0B34 /* LoginViewModel.swift */,
			);
			name = Login;
			sourceTree = "<group>";
		};
		0E3DDAFD1F4AF9EA005E0B34 /* Register */ = {
			isa = PBXGroup;
			children = (
				0E3DDAF71F4AF9AF005E0B34 /* Register.storyboard */,
				0E3DDAF91F4AF9D0005E0B34 /* RegisterViewController.swift */,
				0E3DDAFB1F4AF9E4005E0B34 /* RegisterViewModel.swift */,
				0EFE2A031F4B0BFE00B92F62 /* RegisterModel.swift */,
			);
			name = Register;
			sourceTree = "<group>";
		};
		0E3DDB001F4AFA0A005E0B34 /* Main */ = {
			isa = PBXGroup;
			children = (
				0E3DDAE01F4AF752005E0B34 /* ViewController.swift */,
				0E3DDAFE1F4AFA02005E0B34 /* MainViewModel.swift */,
				0E3DDAE21F4AF752005E0B34 /* Main.storyboard */,
			);
			name = Main;
			sourceTree = "<group>";
		};
		9D62FB3ABDA88E94BD778C4D /* Pods */ = {
			isa = PBXGroup;
			children = (
				3F8AB43F89180C3FE529B84F /* Pods-LoginRegister.debug.xcconfig */,
				34A030106EA95488192482ED /* Pods-LoginRegister.release.xcconfig */,
			);
			name = Pods;
			sourceTree = "<group>";
		};
		E7F12C13E76DA0F1346683AA /* Frameworks */ = {
			isa = PBXGroup;
			children = (
				8555E1BD81253FF316D05F2A /* Pods_LoginRegister.framework */,
			);
			name = Frameworks;
			sourceTree = "<group>";
		};
/* End PBXGroup section */

/* Begin PBXNativeTarget section */
		0E3DDADA1F4AF752005E0B34 /* LoginRegister */ = {
			isa = PBXNativeTarget;
			buildConfigurationList = 0E3DDAED1F4AF752005E0B34 /* Build configuration list for PBXNativeTarget "LoginRegister" */;
			buildPhases = (
				754B1B5B27C04650CA37EB3C /* [CP] Check Pods Manifest.lock */,
				0E3DDAD71F4AF752005E0B34 /* Sources */,
				0E3DDAD81F4AF752005E0B34 /* Frameworks */,
				0E3DDAD91F4AF752005E0B34 /* Resources */,
				05A0ECE39149E5B29DED3355 /* [CP] Embed Pods Frameworks */,
				12DFE92BACCA29E38B1ED35F /* [CP] Copy Pods Resources */,
			);
			buildRules = (
			);
			dependencies = (
			);
			name = LoginRegister;
			productName = LoginRegister;
			productReference = 0E3DDADB1F4AF752005E0B34 /* LoginRegister.app */;
			productType = "com.apple.product-type.application";
		};
/* End PBXNativeTarget section */

/* Begin PBXProject section */
		0E3DDAD31F4AF752005E0B34 /* Project object */ = {
			isa = PBXProject;
			attributes = {
				LastSwiftUpdateCheck = 0830;
				LastUpgradeCheck = 0830;
				ORGANIZATIONNAME = "COBE Osijek";
				TargetAttributes = {
					0E3DDADA1F4AF752005E0B34 = {
						CreatedOnToolsVersion = 8.3.3;
						DevelopmentTeam = KZ7LVBES5H;
						ProvisioningStyle = Automatic;
					};
				};
			};
			buildConfigurationList = 0E3DDAD61F4AF752005E0B34 /* Build configuration list for PBXProject "LoginRegister" */;
			compatibilityVersion = "Xcode 3.2";
			developmentRegion = English;
			hasScannedForEncodings = 0;
			knownRegions = (
				en,
				Base,
			);
			mainGroup = 0E3DDAD21F4AF752005E0B34;
			productRefGroup = 0E3DDADC1F4AF752005E0B34 /* Products */;
			projectDirPath = "";
			projectRoot = "";
			targets = (
				0E3DDADA1F4AF752005E0B34 /* LoginRegister */,
			);
		};
/* End PBXProject section */

/* Begin PBXResourcesBuildPhase section */
		0E3DDAD91F4AF752005E0B34 /* Resources */ = {
			isa = PBXResourcesBuildPhase;
			buildActionMask = 2147483647;
			files = (
				0E3DDAF11F4AF93D005E0B34 /* Login.storyboard in Resources */,
				0EFE2A071F4B0D9900B92F62 /* Localizable.strings in Resources */,
				0E3DDAE91F4AF752005E0B34 /* LaunchScreen.storyboard in Resources */,
				0E3DDAE61F4AF752005E0B34 /* Assets.xcassets in Resources */,
				0E3DDAE41F4AF752005E0B34 /* Main.storyboard in Resources */,
				0E3DDAF81F4AF9AF005E0B34 /* Register.storyboard in Resources */,
			);
			runOnlyForDeploymentPostprocessing = 0;
		};
/* End PBXResourcesBuildPhase section */

/* Begin PBXShellScriptBuildPhase section */
		05A0ECE39149E5B29DED3355 /* [CP] Embed Pods Frameworks */ = {
			isa = PBXShellScriptBuildPhase;
			buildActionMask = 2147483647;
			files = (
			);
			inputPaths = (
			);
			name = "[CP] Embed Pods Frameworks";
			outputPaths = (
			);
			runOnlyForDeploymentPostprocessing = 0;
			shellPath = /bin/sh;
			shellScript = "\"${SRCROOT}/Pods/Target Support Files/Pods-LoginRegister/Pods-LoginRegister-frameworks.sh\"\n";
			showEnvVarsInLog = 0;
		};
		12DFE92BACCA29E38B1ED35F /* [CP] Copy Pods Resources */ = {
			isa = PBXShellScriptBuildPhase;
			buildActionMask = 2147483647;
			files = (
			);
			inputPaths = (
			);
			name = "[CP] Copy Pods Resources";
			outputPaths = (
			);
			runOnlyForDeploymentPostprocessing = 0;
			shellPath = /bin/sh;
			shellScript = "\"${SRCROOT}/Pods/Target Support Files/Pods-LoginRegister/Pods-LoginRegister-resources.sh\"\n";
			showEnvVarsInLog = 0;
		};
		754B1B5B27C04650CA37EB3C /* [CP] Check Pods Manifest.lock */ = {
			isa = PBXShellScriptBuildPhase;
			buildActionMask = 2147483647;
			files = (
			);
			inputPaths = (
			);
			name = "[CP] Check Pods Manifest.lock";
			outputPaths = (
			);
			runOnlyForDeploymentPostprocessing = 0;
			shellPath = /bin/sh;
			shellScript = "diff \"${PODS_PODFILE_DIR_PATH}/Podfile.lock\" \"${PODS_ROOT}/Manifest.lock\" > /dev/null\nif [ $? != 0 ] ; then\n    # print error to STDERR\n    echo \"error: The sandbox is not in sync with the Podfile.lock. Run 'pod install' or update your CocoaPods installation.\" >&2\n    exit 1\nfi\n";
			showEnvVarsInLog = 0;
		};
/* End PBXShellScriptBuildPhase section */

/* Begin PBXSourcesBuildPhase section */
		0E3DDAD71F4AF752005E0B34 /* Sources */ = {
			isa = PBXSourcesBuildPhase;
			buildActionMask = 2147483647;
			files = (
				0E3DDAFF1F4AFA02005E0B34 /* MainViewModel.swift in Sources */,
				0E3DDAF51F4AF995005E0B34 /* LoginViewModel.swift in Sources */,
				0E3DDAFC1F4AF9E4005E0B34 /* RegisterViewModel.swift in Sources */,
				0E3DDAFA1F4AF9D0005E0B34 /* RegisterViewController.swift in Sources */,
				0E3DDB021F4AFCA5005E0B34 /* User.swift in Sources */,
				0EFE2A0B1F4B206300B92F62 /* Extensions.swift in Sources */,
				0E3DDAF31F4AF970005E0B34 /* LoginViewController.swift in Sources */,
				0E3DDAE11F4AF752005E0B34 /* ViewController.swift in Sources */,
				0E3DDADF1F4AF752005E0B34 /* AppDelegate.swift in Sources */,
				0EFE2A041F4B0BFE00B92F62 /* RegisterModel.swift in Sources */,
			);
			runOnlyForDeploymentPostprocessing = 0;
		};
/* End PBXSourcesBuildPhase section */

/* Begin PBXVariantGroup section */
		0E3DDAE21F4AF752005E0B34 /* Main.storyboard */ = {
			isa = PBXVariantGroup;
			children = (
				0E3DDAE31F4AF752005E0B34 /* Base */,
			);
			name = Main.storyboard;
			sourceTree = "<group>";
		};
		0E3DDAE71F4AF752005E0B34 /* LaunchScreen.storyboard */ = {
			isa = PBXVariantGroup;
			children = (
				0E3DDAE81F4AF752005E0B34 /* Base */,
			);
			name = LaunchScreen.storyboard;
			sourceTree = "<group>";
		};
		0EFE2A091F4B0D9900B92F62 /* Localizable.strings */ = {
			isa = PBXVariantGroup;
			children = (
				0EFE2A081F4B0D9900B92F62 /* en */,
			);
			name = Localizable.strings;
			sourceTree = "<group>";
		};
/* End PBXVariantGroup section */

/* Begin XCBuildConfiguration section */
		0E3DDAEB1F4AF752005E0B34 /* Debug */ = {
			isa = XCBuildConfiguration;
			buildSettings = {
				ALWAYS_SEARCH_USER_PATHS = NO;
				CLANG_ANALYZER_NONNULL = YES;
				CLANG_ANALYZER_NUMBER_OBJECT_CONVERSION = YES_AGGRESSIVE;
				CLANG_CXX_LANGUAGE_STANDARD = "gnu++0x";
				CLANG_CXX_LIBRARY = "libc++";
				CLANG_ENABLE_MODULES = YES;
				CLANG_ENABLE_OBJC_ARC = YES;
				CLANG_WARN_BOOL_CONVERSION = YES;
				CLANG_WARN_CONSTANT_CONVERSION = YES;
				CLANG_WARN_DIRECT_OBJC_ISA_USAGE = YES_ERROR;
				CLANG_WARN_DOCUMENTATION_COMMENTS = YES;
				CLANG_WARN_EMPTY_BODY = YES;
				CLANG_WARN_ENUM_CONVERSION = YES;
				CLANG_WARN_INFINITE_RECURSION = YES;
				CLANG_WARN_INT_CONVERSION = YES;
				CLANG_WARN_OBJC_ROOT_CLASS = YES_ERROR;
				CLANG_WARN_SUSPICIOUS_MOVE = YES;
				CLANG_WARN_UNREACHABLE_CODE = YES;
				CLANG_WARN__DUPLICATE_METHOD_MATCH = YES;
				"CODE_SIGN_IDENTITY[sdk=iphoneos*]" = "iPhone Developer";
				COPY_PHASE_STRIP = NO;
				DEBUG_INFORMATION_FORMAT = dwarf;
				ENABLE_STRICT_OBJC_MSGSEND = YES;
				ENABLE_TESTABILITY = YES;
				GCC_C_LANGUAGE_STANDARD = gnu99;
				GCC_DYNAMIC_NO_PIC = NO;
				GCC_NO_COMMON_BLOCKS = YES;
				GCC_OPTIMIZATION_LEVEL = 0;
				GCC_PREPROCESSOR_DEFINITIONS = (
					"DEBUG=1",
					"$(inherited)",
				);
				GCC_WARN_64_TO_32_BIT_CONVERSION = YES;
				GCC_WARN_ABOUT_RETURN_TYPE = YES_ERROR;
				GCC_WARN_UNDECLARED_SELECTOR = YES;
				GCC_WARN_UNINITIALIZED_AUTOS = YES_AGGRESSIVE;
				GCC_WARN_UNUSED_FUNCTION = YES;
				GCC_WARN_UNUSED_VARIABLE = YES;
				IPHONEOS_DEPLOYMENT_TARGET = 10.3;
				MTL_ENABLE_DEBUG_INFO = YES;
				ONLY_ACTIVE_ARCH = YES;
				SDKROOT = iphoneos;
				SWIFT_ACTIVE_COMPILATION_CONDITIONS = DEBUG;
				SWIFT_OPTIMIZATION_LEVEL = "-Onone";
			};
			name = Debug;
		};
		0E3DDAEC1F4AF752005E0B34 /* Release */ = {
			isa = XCBuildConfiguration;
			buildSettings = {
				ALWAYS_SEARCH_USER_PATHS = NO;
				CLANG_ANALYZER_NONNULL = YES;
				CLANG_ANALYZER_NUMBER_OBJECT_CONVERSION = YES_AGGRESSIVE;
				CLANG_CXX_LANGUAGE_STANDARD = "gnu++0x";
				CLANG_CXX_LIBRARY = "libc++";
				CLANG_ENABLE_MODULES = YES;
				CLANG_ENABLE_OBJC_ARC = YES;
				CLANG_WARN_BOOL_CONVERSION = YES;
				CLANG_WARN_CONSTANT_CONVERSION = YES;
				CLANG_WARN_DIRECT_OBJC_ISA_USAGE = YES_ERROR;
				CLANG_WARN_DOCUMENTATION_COMMENTS = YES;
				CLANG_WARN_EMPTY_BODY = YES;
				CLANG_WARN_ENUM_CONVERSION = YES;
				CLANG_WARN_INFINITE_RECURSION = YES;
				CLANG_WARN_INT_CONVERSION = YES;
				CLANG_WARN_OBJC_ROOT_CLASS = YES_ERROR;
				CLANG_WARN_SUSPICIOUS_MOVE = YES;
				CLANG_WARN_UNREACHABLE_CODE = YES;
				CLANG_WARN__DUPLICATE_METHOD_MATCH = YES;
				"CODE_SIGN_IDENTITY[sdk=iphoneos*]" = "iPhone Developer";
				COPY_PHASE_STRIP = NO;
				DEBUG_INFORMATION_FORMAT = "dwarf-with-dsym";
				ENABLE_NS_ASSERTIONS = NO;
				ENABLE_STRICT_OBJC_MSGSEND = YES;
				GCC_C_LANGUAGE_STANDARD = gnu99;
				GCC_NO_COMMON_BLOCKS = YES;
				GCC_WARN_64_TO_32_BIT_CONVERSION = YES;
				GCC_WARN_ABOUT_RETURN_TYPE = YES_ERROR;
				GCC_WARN_UNDECLARED_SELECTOR = YES;
				GCC_WARN_UNINITIALIZED_AUTOS = YES_AGGRESSIVE;
				GCC_WARN_UNUSED_FUNCTION = YES;
				GCC_WARN_UNUSED_VARIABLE = YES;
				IPHONEOS_DEPLOYMENT_TARGET = 10.3;
				MTL_ENABLE_DEBUG_INFO = NO;
				SDKROOT = iphoneos;
				SWIFT_OPTIMIZATION_LEVEL = "-Owholemodule";
				VALIDATE_PRODUCT = YES;
			};
			name = Release;
		};
		0E3DDAEE1F4AF752005E0B34 /* Debug */ = {
			isa = XCBuildConfiguration;
			baseConfigurationReference = 3F8AB43F89180C3FE529B84F /* Pods-LoginRegister.debug.xcconfig */;
			buildSettings = {
				ASSETCATALOG_COMPILER_APPICON_NAME = AppIcon;
				DEVELOPMENT_TEAM = KZ7LVBES5H;
				INFOPLIST_FILE = LoginRegister/Info.plist;
				LD_RUNPATH_SEARCH_PATHS = "$(inherited) @executable_path/Frameworks";
				PRODUCT_BUNDLE_IDENTIFIER = dpavlek.LoginRegister;
				PRODUCT_NAME = "$(TARGET_NAME)";
				SWIFT_VERSION = 3.0;
			};
			name = Debug;
		};
		0E3DDAEF1F4AF752005E0B34 /* Release */ = {
			isa = XCBuildConfiguration;
			baseConfigurationReference = 34A030106EA95488192482ED /* Pods-LoginRegister.release.xcconfig */;
			buildSettings = {
				ASSETCATALOG_COMPILER_APPICON_NAME = AppIcon;
				DEVELOPMENT_TEAM = KZ7LVBES5H;
				INFOPLIST_FILE = LoginRegister/Info.plist;
				LD_RUNPATH_SEARCH_PATHS = "$(inherited) @executable_path/Frameworks";
				PRODUCT_BUNDLE_IDENTIFIER = dpavlek.LoginRegister;
				PRODUCT_NAME = "$(TARGET_NAME)";
				SWIFT_VERSION = 3.0;
			};
			name = Release;
		};
/* End XCBuildConfiguration section */

/* Begin XCConfigurationList section */
		0E3DDAD61F4AF752005E0B34 /* Build configuration list for PBXProject "LoginRegister" */ = {
			isa = XCConfigurationList;
			buildConfigurations = (
				0E3DDAEB1F4AF752005E0B34 /* Debug */,
				0E3DDAEC1F4AF752005E0B34 /* Release */,
			);
			defaultConfigurationIsVisible = 0;
			defaultConfigurationName = Release;
		};
		0E3DDAED1F4AF752005E0B34 /* Build configuration list for PBXNativeTarget "LoginRegister" */ = {
			isa = XCConfigurationList;
			buildConfigurations = (
				0E3DDAEE1F4AF752005E0B34 /* Debug */,
				0E3DDAEF1F4AF752005E0B34 /* Release */,
			);
			defaultConfigurationIsVisible = 0;
			defaultConfigurationName = Release;
		};
/* End XCConfigurationList section */
	};
	rootObject = 0E3DDAD31F4AF752005E0B34 /* Project object */;
}
